PODS:
  - Alamofire (4.9.1)
  - HandyJSON (5.0.1)
  - JXPagingView/Paging (1.2.2)
  - JXSegmentedView (1.0.2)
  - Kingfisher (5.11.0):
    - Kingfisher/Core (= 5.11.0)
  - Kingfisher/Core (5.11.0)
  - LYEmptyView (1.3.1)
  - MJRefresh (3.2.3)
  - PKHUD (5.3.0)
  - ReachabilitySwift (5.0.0)
  - SnapKit (5.0.1)
  - SPPermissions/Camera (5.2.5):
    - SPPermissions/Core
  - SPPermissions/Core (5.2.5)
  - SPPermissions/Microphone (5.2.5):
    - SPPermissions/Core
  - SPPermissions/PhotoLibrary (5.2.5):
    - SPPermissions/Core
  - SQLiteRepairKit (1.2.2):
    - WCDBOptimizedSQLCipher (~> 1.2.0)
  - SwiftyUserDefaults (4.0.0)
  - WCDB.swift (1.0.8.2):
    - SQLiteRepairKit (~> 1.2.0)
    - WCDBOptimizedSQLCipher (~> 1.2.0)
  - WCDBOptimizedSQLCipher (1.2.1)

DEPENDENCIES:
  - Alamofire
  - HandyJSON
  - JXPagingView/Paging
  - JXSegmentedView
  - Kingfisher
  - LYEmptyView
  - MJRefresh
  - PKHUD
  - ReachabilitySwift
  - SnapKit
  - SPPermissions/Camera
  - SPPermissions/Microphone
  - SPPermissions/PhotoLibrary
  - SwiftyUserDefaults
  - WCDB.swift

SPEC REPOS:
  https://mirrors.tuna.tsinghua.edu.cn/git/CocoaPods/Specs.git:
    - Alamofire
    - HandyJSON
    - JXPagingView
    - JXSegmentedView
    - Kingfisher
    - LYEmptyView
    - MJRefresh
    - PKHUD
    - ReachabilitySwift
    - SnapKit
    - SPPermissions
    - SQLiteRepairKit
    - SwiftyUserDefaults
    - WCDB.swift
    - WCDBOptimizedSQLCipher

SPEC CHECKSUMS:
  Alamofire: 85e8a02c69d6020a0d734f6054870d7ecb75cf18
  HandyJSON: d45b8415c501e3affc59ca9762c1197ff0feb646
  JXPagingView: 538f5d1419bc36f1dbb76ca4510b4d06dd29d973
  JXSegmentedView: 2988fe07060a9b91b0112eabd6dee0df0cbca8b3
  Kingfisher: 4569606189149e19c7d9439f47e885d0679b7a90
  LYEmptyView: b6d418cfa38b78df0cf243f9a9c25ccbdc399922
  MJRefresh: 2b1214a2dc8f4df4c5dcb028ea2ad4e245425fb7
  PKHUD: 98f3e4bc904b9c916f1c5bb6d765365b5357291b
  ReachabilitySwift: 985039c6f7b23a1da463388634119492ff86c825
  SnapKit: 97b92857e3df3a0c71833cce143274bf6ef8e5eb
  SPPermissions: d3ec7baf5865e152057a2352cff075333e19042f
  SQLiteRepairKit: 35aaae5a8838adb85f5b1eb4d796055be6060a4b
  SwiftyUserDefaults: 6a1951df1daa19337862b677dd9a4b9bd4c288cd
  WCDB.swift: 05d509d7a0e60fb6e11c34eb7e4027c0fab5849f
  WCDBOptimizedSQLCipher: baf44493b0c7a3d49e97bc5b64a3856f6428ddd1

PODFILE CHECKSUM: f3444fd66fc7f90f2a1d33f42f3330bbf7af3356

COCOAPODS: 1.8.4
