// !$*UTF8*$!
{
	archiveVersion = 1;
	classes = {
	};
	objectVersion = 51;
	objects = {

/* Begin PBXBuildFile section */
		7C06CE30239F898F009AE1CA /* AppDelegate.swift in Sources */ = {isa = PBXBuildFile; fileRef = 7C06CE2F239F898F009AE1CA /* AppDelegate.swift */; };
		7C06CE32239F898F009AE1CA /* SceneDelegate.swift in Sources */ = {isa = PBXBuildFile; fileRef = 7C06CE31239F898F009AE1CA /* SceneDelegate.swift */; };
		7C06CE39239F8992009AE1CA /* Assets.xcassets in Resources */ = {isa = PBXBuildFile; fileRef = 7C06CE38239F8992009AE1CA /* Assets.xcassets */; };
		7C06CE3C239F8992009AE1CA /* LaunchScreen.storyboard in Resources */ = {isa = PBXBuildFile; fileRef = 7C06CE3A239F8992009AE1CA /* LaunchScreen.storyboard */; };
		7C06CE4923A09DD5009AE1CA /* BaseViewController.swift in Sources */ = {isa = PBXBuildFile; fileRef = 7C06CE4823A09DD5009AE1CA /* BaseViewController.swift */; };
		7C06CE4F23A0C21E009AE1CA /* Constants.swift in Sources */ = {isa = PBXBuildFile; fileRef = 7C06CE4E23A0C21E009AE1CA /* Constants.swift */; };
		7C06CE5623A0E6E3009AE1CA /* HomePageViewController.swift in Sources */ = {isa = PBXBuildFile; fileRef = 7C06CE5523A0E6E3009AE1CA /* HomePageViewController.swift */; };
		7C06CE5A23A0F0F9009AE1CA /* MainTabBarViewController.swift in Sources */ = {isa = PBXBuildFile; fileRef = 7C06CE5923A0F0F9009AE1CA /* MainTabBarViewController.swift */; };
		7C06CE5E23A1D4DA009AE1CA /* UIImage+.swift in Sources */ = {isa = PBXBuildFile; fileRef = 7C06CE5D23A1D4DA009AE1CA /* UIImage+.swift */; };
		7C06CE6023A1D8E1009AE1CA /* UIColor+.swift in Sources */ = {isa = PBXBuildFile; fileRef = 7C06CE5F23A1D8E1009AE1CA /* UIColor+.swift */; };
		7C06CE6323A1DE38009AE1CA /* AVPlayerView.swift in Sources */ = {isa = PBXBuildFile; fileRef = 7C06CE6223A1DE38009AE1CA /* AVPlayerView.swift */; };
		7C06CE6623A21183009AE1CA /* WebCacheManager.swift in Sources */ = {isa = PBXBuildFile; fileRef = 7C06CE6523A21183009AE1CA /* WebCacheManager.swift */; };
		7C06CE6823A21196009AE1CA /* WebDoanloader.swift in Sources */ = {isa = PBXBuildFile; fileRef = 7C06CE6723A21196009AE1CA /* WebDoanloader.swift */; };
		7C06CE6A23A211D2009AE1CA /* WebDownloadOperation.swift in Sources */ = {isa = PBXBuildFile; fileRef = 7C06CE6923A211D2009AE1CA /* WebDownloadOperation.swift */; };
		7C06CE6C23A211EF009AE1CA /* WebCombineOperation.swift in Sources */ = {isa = PBXBuildFile; fileRef = 7C06CE6B23A211EF009AE1CA /* WebCombineOperation.swift */; };
		7C06CE6F23A24497009AE1CA /* String+.swift in Sources */ = {isa = PBXBuildFile; fileRef = 7C06CE6E23A24497009AE1CA /* String+.swift */; };
		7C06CE7123A32894009AE1CA /* AVPlayerManager.swift in Sources */ = {isa = PBXBuildFile; fileRef = 7C06CE7023A32894009AE1CA /* AVPlayerManager.swift */; };
		7C06CE7323A35F3B009AE1CA /* NetWorkManager.swift in Sources */ = {isa = PBXBuildFile; fileRef = 7C06CE7223A35F3B009AE1CA /* NetWorkManager.swift */; };
		7C06CE7823A379FA009AE1CA /* BaseModel.swift in Sources */ = {isa = PBXBuildFile; fileRef = 7C06CE7723A379FA009AE1CA /* BaseModel.swift */; };
		7C06CE7A23A37A85009AE1CA /* BaseRequest.swift in Sources */ = {isa = PBXBuildFile; fileRef = 7C06CE7923A37A85009AE1CA /* BaseRequest.swift */; };
		7C06CE7C23A3939B009AE1CA /* UploadRequest.swift in Sources */ = {isa = PBXBuildFile; fileRef = 7C06CE7B23A3939B009AE1CA /* UploadRequest.swift */; };
		7C06CE8023A39C94009AE1CA /* HomePageRequest.swift in Sources */ = {isa = PBXBuildFile; fileRef = 7C06CE7F23A39C94009AE1CA /* HomePageRequest.swift */; };
		7C10B83423B44A1B0094E375 /* PhotoAssetActionCollectionView.swift in Sources */ = {isa = PBXBuildFile; fileRef = 7C10B83323B44A1B0094E375 /* PhotoAssetActionCollectionView.swift */; };
		7C10B83623B452D70094E375 /* PhotoAssetCollectionViewCell.swift in Sources */ = {isa = PBXBuildFile; fileRef = 7C10B83523B452D70094E375 /* PhotoAssetCollectionViewCell.swift */; };
		7C1B74C423A733E900EACC48 /* HomePageTableViewCell.swift in Sources */ = {isa = PBXBuildFile; fileRef = 7C1B74C323A733E900EACC48 /* HomePageTableViewCell.swift */; };
		7C1B74CA23A7705300EACC48 /* User.swift in Sources */ = {isa = PBXBuildFile; fileRef = 7C1B74C923A7705300EACC48 /* User.swift */; };
		7C1B74CC23A7707D00EACC48 /* UserAvatar.swift in Sources */ = {isa = PBXBuildFile; fileRef = 7C1B74CB23A7707D00EACC48 /* UserAvatar.swift */; };
		7C1B74CE23A7708D00EACC48 /* UserGroup.swift in Sources */ = {isa = PBXBuildFile; fileRef = 7C1B74CD23A7708D00EACC48 /* UserGroup.swift */; };
		7C1B74D023A7709900EACC48 /* Site.swift in Sources */ = {isa = PBXBuildFile; fileRef = 7C1B74CF23A7709900EACC48 /* Site.swift */; };
		7C1B74D223A7730F00EACC48 /* Chapter.swift in Sources */ = {isa = PBXBuildFile; fileRef = 7C1B74D123A7730F00EACC48 /* Chapter.swift */; };
		7C1B74D423A773DC00EACC48 /* Course.swift in Sources */ = {isa = PBXBuildFile; fileRef = 7C1B74D323A773DC00EACC48 /* Course.swift */; };
		7C1B74D623A77A8400EACC48 /* CourseList.swift in Sources */ = {isa = PBXBuildFile; fileRef = 7C1B74D523A77A8400EACC48 /* CourseList.swift */; };
		7C20130923B5D95400E8849D /* PhotoAssetActionPreview.swift in Sources */ = {isa = PBXBuildFile; fileRef = 7C20130823B5D95400E8849D /* PhotoAssetActionPreview.swift */; };
		7C20130B23B5E4B600E8849D /* PhotoAssetActionViewController.swift in Sources */ = {isa = PBXBuildFile; fileRef = 7C20130A23B5E4B600E8849D /* PhotoAssetActionViewController.swift */; };
		7C5B3EE823A71B3000BE1ED1 /* BaseTableViewController.swift in Sources */ = {isa = PBXBuildFile; fileRef = 7C5B3EE723A71B3000BE1ED1 /* BaseTableViewController.swift */; };
		7C7C838523B599D600165931 /* TemplateBuildView.swift in Sources */ = {isa = PBXBuildFile; fileRef = 7C7C838423B599D600165931 /* TemplateBuildView.swift */; };
		7C7C838723B5AB2A00165931 /* TemplateBuildViewController.swift in Sources */ = {isa = PBXBuildFile; fileRef = 7C7C838623B5AB2A00165931 /* TemplateBuildViewController.swift */; };
		7CD97DD723A77B650082E3D5 /* BaseResponse.swift in Sources */ = {isa = PBXBuildFile; fileRef = 7CD97DD623A77B650082E3D5 /* BaseResponse.swift */; };
		7CD97DD923A77BFA0082E3D5 /* HomePageCourseListResponse.swift in Sources */ = {isa = PBXBuildFile; fileRef = 7CD97DD823A77BFA0082E3D5 /* HomePageCourseListResponse.swift */; };
		7CD97DDC23A872350082E3D5 /* LoginViewController.swift in Sources */ = {isa = PBXBuildFile; fileRef = 7CD97DDB23A872350082E3D5 /* LoginViewController.swift */; };
		7CD97DDE23A872EC0082E3D5 /* LoginView.swift in Sources */ = {isa = PBXBuildFile; fileRef = 7CD97DDD23A872EC0082E3D5 /* LoginView.swift */; };
		7CD97DE023A88B8B0082E3D5 /* LoginRequest.swift in Sources */ = {isa = PBXBuildFile; fileRef = 7CD97DDF23A88B8B0082E3D5 /* LoginRequest.swift */; };
		7CD97DE423A88DD70082E3D5 /* LoginResponse.swift in Sources */ = {isa = PBXBuildFile; fileRef = 7CD97DE323A88DD70082E3D5 /* LoginResponse.swift */; };
		7CD97DE623A8A9170082E3D5 /* MainPopMenuViewController.swift in Sources */ = {isa = PBXBuildFile; fileRef = 7CD97DE523A8A9170082E3D5 /* MainPopMenuViewController.swift */; };
		7CDBE13723B1F7980092BABC /* WMHUD.swift in Sources */ = {isa = PBXBuildFile; fileRef = 7CDBE13623B1F7980092BABC /* WMHUD.swift */; };
		7CDBE13923B20AA30092BABC /* SettingViewController.swift in Sources */ = {isa = PBXBuildFile; fileRef = 7CDBE13823B20AA30092BABC /* SettingViewController.swift */; };
		7CDE16C423A8C625002FE021 /* PersonalViewController.swift in Sources */ = {isa = PBXBuildFile; fileRef = 7CDE16C323A8C625002FE021 /* PersonalViewController.swift */; };
		7CDE16C623A8D755002FE021 /* BaseCollectionViewController.swift in Sources */ = {isa = PBXBuildFile; fileRef = 7CDE16C523A8D755002FE021 /* BaseCollectionViewController.swift */; };
		7CDE16C823A8DC89002FE021 /* PersonalCollectionViewController.swift in Sources */ = {isa = PBXBuildFile; fileRef = 7CDE16C723A8DC89002FE021 /* PersonalCollectionViewController.swift */; };
		7CE0084123B3106500BFE57B /* PhotoModel.swift in Sources */ = {isa = PBXBuildFile; fileRef = 7CE0084023B3106500BFE57B /* PhotoModel.swift */; };
		7CE0084323B32E3C00BFE57B /* PhotoAssetTool.swift in Sources */ = {isa = PBXBuildFile; fileRef = 7CE0084223B32E3C00BFE57B /* PhotoAssetTool.swift */; };
		7CE0084523B347C200BFE57B /* AssetsLibrary.framework in Frameworks */ = {isa = PBXBuildFile; fileRef = 7CE0084423B347C200BFE57B /* AssetsLibrary.framework */; };
		7CFB525023A9C1A400EDE2B0 /* UIDevice+.swift in Sources */ = {isa = PBXBuildFile; fileRef = 7CFB524F23A9C1A400EDE2B0 /* UIDevice+.swift */; };
		7CFB525223A9C8E600EDE2B0 /* PersonalHeaderView.swift in Sources */ = {isa = PBXBuildFile; fileRef = 7CFB525123A9C8E600EDE2B0 /* PersonalHeaderView.swift */; };
		7CFB525423A9F82B00EDE2B0 /* PersonalCollectionViewCell.swift in Sources */ = {isa = PBXBuildFile; fileRef = 7CFB525323A9F82B00EDE2B0 /* PersonalCollectionViewCell.swift */; };
		7CFB525623A9FCD900EDE2B0 /* PersonalRequest.swift in Sources */ = {isa = PBXBuildFile; fileRef = 7CFB525523A9FCD800EDE2B0 /* PersonalRequest.swift */; };
		7CFB525823A9FCFA00EDE2B0 /* PersonalResponse.swift in Sources */ = {isa = PBXBuildFile; fileRef = 7CFB525723A9FCFA00EDE2B0 /* PersonalResponse.swift */; };
		A07E21F6CD7CFF6D4A3E2CF9 /* Pods_WorkMarker_swift.framework in Frameworks */ = {isa = PBXBuildFile; fileRef = DC925DE33C1F17D08EDEBB9D /* Pods_WorkMarker_swift.framework */; };
/* End PBXBuildFile section */

/* Begin PBXFileReference section */
		57622829FF30A243E67AE0ED /* Pods-WorkMarker-swift.debug.xcconfig */ = {isa = PBXFileReference; includeInIndex = 1; lastKnownFileType = text.xcconfig; name = "Pods-WorkMarker-swift.debug.xcconfig"; path = "Target Support Files/Pods-WorkMarker-swift/Pods-WorkMarker-swift.debug.xcconfig"; sourceTree = "<group>"; };
		7C06CE2C239F898F009AE1CA /* WorkMarker-swift.app */ = {isa = PBXFileReference; explicitFileType = wrapper.application; includeInIndex = 0; path = "WorkMarker-swift.app"; sourceTree = BUILT_PRODUCTS_DIR; };
		7C06CE2F239F898F009AE1CA /* AppDelegate.swift */ = {isa = PBXFileReference; lastKnownFileType = sourcecode.swift; path = AppDelegate.swift; sourceTree = "<group>"; };
		7C06CE31239F898F009AE1CA /* SceneDelegate.swift */ = {isa = PBXFileReference; lastKnownFileType = sourcecode.swift; path = SceneDelegate.swift; sourceTree = "<group>"; };
		7C06CE38239F8992009AE1CA /* Assets.xcassets */ = {isa = PBXFileReference; lastKnownFileType = folder.assetcatalog; path = Assets.xcassets; sourceTree = "<group>"; };
		7C06CE3B239F8992009AE1CA /* Base */ = {isa = PBXFileReference; lastKnownFileType = file.storyboard; name = Base; path = Base.lproj/LaunchScreen.storyboard; sourceTree = "<group>"; };
		7C06CE3D239F8992009AE1CA /* Info.plist */ = {isa = PBXFileReference; lastKnownFileType = text.plist.xml; path = Info.plist; sourceTree = "<group>"; };
		7C06CE4823A09DD5009AE1CA /* BaseViewController.swift */ = {isa = PBXFileReference; lastKnownFileType = sourcecode.swift; path = BaseViewController.swift; sourceTree = "<group>"; };
		7C06CE4E23A0C21E009AE1CA /* Constants.swift */ = {isa = PBXFileReference; lastKnownFileType = sourcecode.swift; path = Constants.swift; sourceTree = "<group>"; };
		7C06CE5523A0E6E3009AE1CA /* HomePageViewController.swift */ = {isa = PBXFileReference; lastKnownFileType = sourcecode.swift; path = HomePageViewController.swift; sourceTree = "<group>"; };
		7C06CE5923A0F0F9009AE1CA /* MainTabBarViewController.swift */ = {isa = PBXFileReference; lastKnownFileType = sourcecode.swift; path = MainTabBarViewController.swift; sourceTree = "<group>"; };
		7C06CE5D23A1D4DA009AE1CA /* UIImage+.swift */ = {isa = PBXFileReference; lastKnownFileType = sourcecode.swift; path = "UIImage+.swift"; sourceTree = "<group>"; };
		7C06CE5F23A1D8E1009AE1CA /* UIColor+.swift */ = {isa = PBXFileReference; lastKnownFileType = sourcecode.swift; path = "UIColor+.swift"; sourceTree = "<group>"; };
		7C06CE6223A1DE38009AE1CA /* AVPlayerView.swift */ = {isa = PBXFileReference; lastKnownFileType = sourcecode.swift; path = AVPlayerView.swift; sourceTree = "<group>"; };
		7C06CE6523A21183009AE1CA /* WebCacheManager.swift */ = {isa = PBXFileReference; lastKnownFileType = sourcecode.swift; path = WebCacheManager.swift; sourceTree = "<group>"; };
		7C06CE6723A21196009AE1CA /* WebDoanloader.swift */ = {isa = PBXFileReference; lastKnownFileType = sourcecode.swift; path = WebDoanloader.swift; sourceTree = "<group>"; };
		7C06CE6923A211D2009AE1CA /* WebDownloadOperation.swift */ = {isa = PBXFileReference; lastKnownFileType = sourcecode.swift; path = WebDownloadOperation.swift; sourceTree = "<group>"; };
		7C06CE6B23A211EF009AE1CA /* WebCombineOperation.swift */ = {isa = PBXFileReference; lastKnownFileType = sourcecode.swift; path = WebCombineOperation.swift; sourceTree = "<group>"; };
		7C06CE6D23A23209009AE1CA /* WorkMarker+bridging+header.h */ = {isa = PBXFileReference; lastKnownFileType = sourcecode.c.h; path = "WorkMarker+bridging+header.h"; sourceTree = "<group>"; };
		7C06CE6E23A24497009AE1CA /* String+.swift */ = {isa = PBXFileReference; lastKnownFileType = sourcecode.swift; path = "String+.swift"; sourceTree = "<group>"; };
		7C06CE7023A32894009AE1CA /* AVPlayerManager.swift */ = {isa = PBXFileReference; lastKnownFileType = sourcecode.swift; path = AVPlayerManager.swift; sourceTree = "<group>"; };
		7C06CE7223A35F3B009AE1CA /* NetWorkManager.swift */ = {isa = PBXFileReference; lastKnownFileType = sourcecode.swift; path = NetWorkManager.swift; sourceTree = "<group>"; };
		7C06CE7723A379FA009AE1CA /* BaseModel.swift */ = {isa = PBXFileReference; lastKnownFileType = sourcecode.swift; path = BaseModel.swift; sourceTree = "<group>"; };
		7C06CE7923A37A85009AE1CA /* BaseRequest.swift */ = {isa = PBXFileReference; lastKnownFileType = sourcecode.swift; path = BaseRequest.swift; sourceTree = "<group>"; };
		7C06CE7B23A3939B009AE1CA /* UploadRequest.swift */ = {isa = PBXFileReference; lastKnownFileType = sourcecode.swift; path = UploadRequest.swift; sourceTree = "<group>"; };
		7C06CE7F23A39C94009AE1CA /* HomePageRequest.swift */ = {isa = PBXFileReference; lastKnownFileType = sourcecode.swift; path = HomePageRequest.swift; sourceTree = "<group>"; };
		7C10B83323B44A1B0094E375 /* PhotoAssetActionCollectionView.swift */ = {isa = PBXFileReference; lastKnownFileType = sourcecode.swift; path = PhotoAssetActionCollectionView.swift; sourceTree = "<group>"; };
		7C10B83523B452D70094E375 /* PhotoAssetCollectionViewCell.swift */ = {isa = PBXFileReference; lastKnownFileType = sourcecode.swift; path = PhotoAssetCollectionViewCell.swift; sourceTree = "<group>"; };
		7C1B74C323A733E900EACC48 /* HomePageTableViewCell.swift */ = {isa = PBXFileReference; lastKnownFileType = sourcecode.swift; path = HomePageTableViewCell.swift; sourceTree = "<group>"; };
		7C1B74C923A7705300EACC48 /* User.swift */ = {isa = PBXFileReference; lastKnownFileType = sourcecode.swift; path = User.swift; sourceTree = "<group>"; };
		7C1B74CB23A7707D00EACC48 /* UserAvatar.swift */ = {isa = PBXFileReference; lastKnownFileType = sourcecode.swift; path = UserAvatar.swift; sourceTree = "<group>"; };
		7C1B74CD23A7708D00EACC48 /* UserGroup.swift */ = {isa = PBXFileReference; lastKnownFileType = sourcecode.swift; path = UserGroup.swift; sourceTree = "<group>"; };
		7C1B74CF23A7709900EACC48 /* Site.swift */ = {isa = PBXFileReference; lastKnownFileType = sourcecode.swift; path = Site.swift; sourceTree = "<group>"; };
		7C1B74D123A7730F00EACC48 /* Chapter.swift */ = {isa = PBXFileReference; lastKnownFileType = sourcecode.swift; path = Chapter.swift; sourceTree = "<group>"; };
		7C1B74D323A773DC00EACC48 /* Course.swift */ = {isa = PBXFileReference; lastKnownFileType = sourcecode.swift; path = Course.swift; sourceTree = "<group>"; };
		7C1B74D523A77A8400EACC48 /* CourseList.swift */ = {isa = PBXFileReference; lastKnownFileType = sourcecode.swift; path = CourseList.swift; sourceTree = "<group>"; };
		7C20130823B5D95400E8849D /* PhotoAssetActionPreview.swift */ = {isa = PBXFileReference; lastKnownFileType = sourcecode.swift; path = PhotoAssetActionPreview.swift; sourceTree = "<group>"; };
		7C20130A23B5E4B600E8849D /* PhotoAssetActionViewController.swift */ = {isa = PBXFileReference; lastKnownFileType = sourcecode.swift; path = PhotoAssetActionViewController.swift; sourceTree = "<group>"; };
		7C5B3EE723A71B3000BE1ED1 /* BaseTableViewController.swift */ = {isa = PBXFileReference; lastKnownFileType = sourcecode.swift; path = BaseTableViewController.swift; sourceTree = "<group>"; };
		7C7C838423B599D600165931 /* TemplateBuildView.swift */ = {isa = PBXFileReference; lastKnownFileType = sourcecode.swift; path = TemplateBuildView.swift; sourceTree = "<group>"; };
		7C7C838623B5AB2A00165931 /* TemplateBuildViewController.swift */ = {isa = PBXFileReference; lastKnownFileType = sourcecode.swift; path = TemplateBuildViewController.swift; sourceTree = "<group>"; };
		7CD97DD623A77B650082E3D5 /* BaseResponse.swift */ = {isa = PBXFileReference; lastKnownFileType = sourcecode.swift; path = BaseResponse.swift; sourceTree = "<group>"; };
		7CD97DD823A77BFA0082E3D5 /* HomePageCourseListResponse.swift */ = {isa = PBXFileReference; lastKnownFileType = sourcecode.swift; path = HomePageCourseListResponse.swift; sourceTree = "<group>"; };
		7CD97DDB23A872350082E3D5 /* LoginViewController.swift */ = {isa = PBXFileReference; lastKnownFileType = sourcecode.swift; path = LoginViewController.swift; sourceTree = "<group>"; };
		7CD97DDD23A872EC0082E3D5 /* LoginView.swift */ = {isa = PBXFileReference; lastKnownFileType = sourcecode.swift; path = LoginView.swift; sourceTree = "<group>"; };
		7CD97DDF23A88B8B0082E3D5 /* LoginRequest.swift */ = {isa = PBXFileReference; lastKnownFileType = sourcecode.swift; path = LoginRequest.swift; sourceTree = "<group>"; };
		7CD97DE323A88DD70082E3D5 /* LoginResponse.swift */ = {isa = PBXFileReference; lastKnownFileType = sourcecode.swift; path = LoginResponse.swift; sourceTree = "<group>"; };
		7CD97DE523A8A9170082E3D5 /* MainPopMenuViewController.swift */ = {isa = PBXFileReference; lastKnownFileType = sourcecode.swift; path = MainPopMenuViewController.swift; sourceTree = "<group>"; };
		7CDBE13623B1F7980092BABC /* WMHUD.swift */ = {isa = PBXFileReference; lastKnownFileType = sourcecode.swift; path = WMHUD.swift; sourceTree = "<group>"; };
		7CDBE13823B20AA30092BABC /* SettingViewController.swift */ = {isa = PBXFileReference; lastKnownFileType = sourcecode.swift; path = SettingViewController.swift; sourceTree = "<group>"; };
		7CDE16C323A8C625002FE021 /* PersonalViewController.swift */ = {isa = PBXFileReference; lastKnownFileType = sourcecode.swift; path = PersonalViewController.swift; sourceTree = "<group>"; };
		7CDE16C523A8D755002FE021 /* BaseCollectionViewController.swift */ = {isa = PBXFileReference; lastKnownFileType = sourcecode.swift; path = BaseCollectionViewController.swift; sourceTree = "<group>"; };
		7CDE16C723A8DC89002FE021 /* PersonalCollectionViewController.swift */ = {isa = PBXFileReference; lastKnownFileType = sourcecode.swift; path = PersonalCollectionViewController.swift; sourceTree = "<group>"; };
		7CE0084023B3106500BFE57B /* PhotoModel.swift */ = {isa = PBXFileReference; lastKnownFileType = sourcecode.swift; path = PhotoModel.swift; sourceTree = "<group>"; };
		7CE0084223B32E3C00BFE57B /* PhotoAssetTool.swift */ = {isa = PBXFileReference; lastKnownFileType = sourcecode.swift; path = PhotoAssetTool.swift; sourceTree = "<group>"; };
		7CE0084423B347C200BFE57B /* AssetsLibrary.framework */ = {isa = PBXFileReference; lastKnownFileType = wrapper.framework; name = AssetsLibrary.framework; path = System/Library/Frameworks/AssetsLibrary.framework; sourceTree = SDKROOT; };
		7CFB524F23A9C1A400EDE2B0 /* UIDevice+.swift */ = {isa = PBXFileReference; lastKnownFileType = sourcecode.swift; path = "UIDevice+.swift"; sourceTree = "<group>"; };
		7CFB525123A9C8E600EDE2B0 /* PersonalHeaderView.swift */ = {isa = PBXFileReference; lastKnownFileType = sourcecode.swift; path = PersonalHeaderView.swift; sourceTree = "<group>"; };
		7CFB525323A9F82B00EDE2B0 /* PersonalCollectionViewCell.swift */ = {isa = PBXFileReference; lastKnownFileType = sourcecode.swift; path = PersonalCollectionViewCell.swift; sourceTree = "<group>"; };
		7CFB525523A9FCD800EDE2B0 /* PersonalRequest.swift */ = {isa = PBXFileReference; lastKnownFileType = sourcecode.swift; path = PersonalRequest.swift; sourceTree = "<group>"; };
		7CFB525723A9FCFA00EDE2B0 /* PersonalResponse.swift */ = {isa = PBXFileReference; lastKnownFileType = sourcecode.swift; path = PersonalResponse.swift; sourceTree = "<group>"; };
		AE5FA1F550476696C4938678 /* Pods-WorkMarker-swift.release.xcconfig */ = {isa = PBXFileReference; includeInIndex = 1; lastKnownFileType = text.xcconfig; name = "Pods-WorkMarker-swift.release.xcconfig"; path = "Target Support Files/Pods-WorkMarker-swift/Pods-WorkMarker-swift.release.xcconfig"; sourceTree = "<group>"; };
		DC925DE33C1F17D08EDEBB9D /* Pods_WorkMarker_swift.framework */ = {isa = PBXFileReference; explicitFileType = wrapper.framework; includeInIndex = 0; path = Pods_WorkMarker_swift.framework; sourceTree = BUILT_PRODUCTS_DIR; };
/* End PBXFileReference section */

/* Begin PBXFrameworksBuildPhase section */
		7C06CE29239F898F009AE1CA /* Frameworks */ = {
			isa = PBXFrameworksBuildPhase;
			buildActionMask = 2147483647;
			files = (
				7CE0084523B347C200BFE57B /* AssetsLibrary.framework in Frameworks */,
				A07E21F6CD7CFF6D4A3E2CF9 /* Pods_WorkMarker_swift.framework in Frameworks */,
			);
			runOnlyForDeploymentPostprocessing = 0;
		};
/* End PBXFrameworksBuildPhase section */

/* Begin PBXGroup section */
		1174CA383D10C79D19CC7790 /* Frameworks */ = {
			isa = PBXGroup;
			children = (
				7CE0084423B347C200BFE57B /* AssetsLibrary.framework */,
				DC925DE33C1F17D08EDEBB9D /* Pods_WorkMarker_swift.framework */,
			);
			name = Frameworks;
			sourceTree = "<group>";
		};
		6C915CC5559722E742866CA7 /* Pods */ = {
			isa = PBXGroup;
			children = (
				57622829FF30A243E67AE0ED /* Pods-WorkMarker-swift.debug.xcconfig */,
				AE5FA1F550476696C4938678 /* Pods-WorkMarker-swift.release.xcconfig */,
			);
			path = Pods;
			sourceTree = "<group>";
		};
		7C06CE23239F898F009AE1CA = {
			isa = PBXGroup;
			children = (
				7C06CE2E239F898F009AE1CA /* WorkMarker-swift */,
				7C06CE2D239F898F009AE1CA /* Products */,
				6C915CC5559722E742866CA7 /* Pods */,
				1174CA383D10C79D19CC7790 /* Frameworks */,
			);
			sourceTree = "<group>";
		};
		7C06CE2D239F898F009AE1CA /* Products */ = {
			isa = PBXGroup;
			children = (
				7C06CE2C239F898F009AE1CA /* WorkMarker-swift.app */,
			);
			name = Products;
			sourceTree = "<group>";
		};
		7C06CE2E239F898F009AE1CA /* WorkMarker-swift */ = {
			isa = PBXGroup;
			children = (
				7C06CE4523A09D9B009AE1CA /* ProjectCode */,
				7C06CE4323A09D45009AE1CA /* AppDelegate */,
				7C06CE4423A09D6C009AE1CA /* Recource */,
				7C06CE3D239F8992009AE1CA /* Info.plist */,
				7C06CE6D23A23209009AE1CA /* WorkMarker+bridging+header.h */,
			);
			path = "WorkMarker-swift";
			sourceTree = "<group>";
		};
		7C06CE4323A09D45009AE1CA /* AppDelegate */ = {
			isa = PBXGroup;
			children = (
				7C06CE2F239F898F009AE1CA /* AppDelegate.swift */,
				7C06CE31239F898F009AE1CA /* SceneDelegate.swift */,
			);
			path = AppDelegate;
			sourceTree = "<group>";
		};
		7C06CE4423A09D6C009AE1CA /* Recource */ = {
			isa = PBXGroup;
			children = (
				7C06CE38239F8992009AE1CA /* Assets.xcassets */,
				7C06CE3A239F8992009AE1CA /* LaunchScreen.storyboard */,
			);
			path = Recource;
			sourceTree = "<group>";
		};
		7C06CE4523A09D9B009AE1CA /* ProjectCode */ = {
			isa = PBXGroup;
			children = (
				7CE0083F23B3100300BFE57B /* PhotoAssetTool */,
				7C06CE7623A379E6009AE1CA /* Entity */,
				7C06CE4623A09DA3009AE1CA /* NetWork */,
				7C06CE6423A21164009AE1CA /* WebCache */,
				7C06CE5C23A1D42C009AE1CA /* Extension */,
				7C06CE5423A0E63F009AE1CA /* Function */,
				7C06CE4D23A0C1F0009AE1CA /* Utils */,
				7C06CE4723A09DB0009AE1CA /* BaseViewController */,
			);
			path = ProjectCode;
			sourceTree = "<group>";
		};
		7C06CE4623A09DA3009AE1CA /* NetWork */ = {
			isa = PBXGroup;
			children = (
				7C06CE7523A3798A009AE1CA /* HttpResponse */,
				7C06CE7423A37981009AE1CA /* HttpRequest */,
				7C06CE7223A35F3B009AE1CA /* NetWorkManager.swift */,
			);
			path = NetWork;
			sourceTree = "<group>";
		};
		7C06CE4723A09DB0009AE1CA /* BaseViewController */ = {
			isa = PBXGroup;
			children = (
				7C06CE4823A09DD5009AE1CA /* BaseViewController.swift */,
				7C5B3EE723A71B3000BE1ED1 /* BaseTableViewController.swift */,
				7CDE16C523A8D755002FE021 /* BaseCollectionViewController.swift */,
			);
			path = BaseViewController;
			sourceTree = "<group>";
		};
		7C06CE4D23A0C1F0009AE1CA /* Utils */ = {
			isa = PBXGroup;
			children = (
				7C06CE4E23A0C21E009AE1CA /* Constants.swift */,
			);
			path = Utils;
			sourceTree = "<group>";
		};
		7C06CE5423A0E63F009AE1CA /* Function */ = {
			isa = PBXGroup;
			children = (
				7CDE16C223A8C603002FE021 /* Person */,
				7CD97DDA23A872020082E3D5 /* Login */,
				7C06CE5823A0F0D8009AE1CA /* Main */,
				7C06CE5723A0E6E7009AE1CA /* Home */,
			);
			path = Function;
			sourceTree = "<group>";
		};
		7C06CE5723A0E6E7009AE1CA /* Home */ = {
			isa = PBXGroup;
			children = (
				7C06CE6123A1DE06009AE1CA /* AVPlayer */,
				7C06CE5523A0E6E3009AE1CA /* HomePageViewController.swift */,
				7C1B74C323A733E900EACC48 /* HomePageTableViewCell.swift */,
			);
			path = Home;
			sourceTree = "<group>";
		};
		7C06CE5823A0F0D8009AE1CA /* Main */ = {
			isa = PBXGroup;
			children = (
				7C06CE5923A0F0F9009AE1CA /* MainTabBarViewController.swift */,
				7CD97DE523A8A9170082E3D5 /* MainPopMenuViewController.swift */,
			);
			path = Main;
			sourceTree = "<group>";
		};
		7C06CE5C23A1D42C009AE1CA /* Extension */ = {
			isa = PBXGroup;
			children = (
				7C06CE5D23A1D4DA009AE1CA /* UIImage+.swift */,
				7C06CE5F23A1D8E1009AE1CA /* UIColor+.swift */,
				7C06CE6E23A24497009AE1CA /* String+.swift */,
				7CFB524F23A9C1A400EDE2B0 /* UIDevice+.swift */,
				7CDBE13623B1F7980092BABC /* WMHUD.swift */,
			);
			path = Extension;
			sourceTree = "<group>";
		};
		7C06CE6123A1DE06009AE1CA /* AVPlayer */ = {
			isa = PBXGroup;
			children = (
				7C06CE6223A1DE38009AE1CA /* AVPlayerView.swift */,
				7C06CE7023A32894009AE1CA /* AVPlayerManager.swift */,
			);
			path = AVPlayer;
			sourceTree = "<group>";
		};
		7C06CE6423A21164009AE1CA /* WebCache */ = {
			isa = PBXGroup;
			children = (
				7C06CE6523A21183009AE1CA /* WebCacheManager.swift */,
				7C06CE6723A21196009AE1CA /* WebDoanloader.swift */,
				7C06CE6923A211D2009AE1CA /* WebDownloadOperation.swift */,
				7C06CE6B23A211EF009AE1CA /* WebCombineOperation.swift */,
			);
			path = WebCache;
			sourceTree = "<group>";
		};
		7C06CE7423A37981009AE1CA /* HttpRequest */ = {
			isa = PBXGroup;
			children = (
				7C06CE7923A37A85009AE1CA /* BaseRequest.swift */,
				7C06CE7B23A3939B009AE1CA /* UploadRequest.swift */,
				7C06CE7F23A39C94009AE1CA /* HomePageRequest.swift */,
				7CD97DDF23A88B8B0082E3D5 /* LoginRequest.swift */,
				7CFB525523A9FCD800EDE2B0 /* PersonalRequest.swift */,
			);
			path = HttpRequest;
			sourceTree = "<group>";
		};
		7C06CE7523A3798A009AE1CA /* HttpResponse */ = {
			isa = PBXGroup;
			children = (
				7CD97DD623A77B650082E3D5 /* BaseResponse.swift */,
				7CD97DD823A77BFA0082E3D5 /* HomePageCourseListResponse.swift */,
				7CD97DE323A88DD70082E3D5 /* LoginResponse.swift */,
				7CFB525723A9FCFA00EDE2B0 /* PersonalResponse.swift */,
			);
			path = HttpResponse;
			sourceTree = "<group>";
		};
		7C06CE7623A379E6009AE1CA /* Entity */ = {
			isa = PBXGroup;
			children = (
				7C06CE7723A379FA009AE1CA /* BaseModel.swift */,
				7C1B74C923A7705300EACC48 /* User.swift */,
				7C1B74CB23A7707D00EACC48 /* UserAvatar.swift */,
				7C1B74CD23A7708D00EACC48 /* UserGroup.swift */,
				7C1B74CF23A7709900EACC48 /* Site.swift */,
				7C1B74D123A7730F00EACC48 /* Chapter.swift */,
				7C1B74D323A773DC00EACC48 /* Course.swift */,
				7C1B74D523A77A8400EACC48 /* CourseList.swift */,
			);
			path = Entity;
			sourceTree = "<group>";
		};
		7CD97DDA23A872020082E3D5 /* Login */ = {
			isa = PBXGroup;
			children = (
				7CD97DDB23A872350082E3D5 /* LoginViewController.swift */,
				7CD97DDD23A872EC0082E3D5 /* LoginView.swift */,
			);
			path = Login;
			sourceTree = "<group>";
		};
		7CDE16C223A8C603002FE021 /* Person */ = {
			isa = PBXGroup;
			children = (
				7CDE16C323A8C625002FE021 /* PersonalViewController.swift */,
				7CDE16C723A8DC89002FE021 /* PersonalCollectionViewController.swift */,
				7CFB525123A9C8E600EDE2B0 /* PersonalHeaderView.swift */,
				7CFB525323A9F82B00EDE2B0 /* PersonalCollectionViewCell.swift */,
				7CDBE13823B20AA30092BABC /* SettingViewController.swift */,
			);
			path = Person;
			sourceTree = "<group>";
		};
		7CE0083F23B3100300BFE57B /* PhotoAssetTool */ = {
			isa = PBXGroup;
			children = (
				7CE0084023B3106500BFE57B /* PhotoModel.swift */,
				7CE0084223B32E3C00BFE57B /* PhotoAssetTool.swift */,
				7C10B83323B44A1B0094E375 /* PhotoAssetActionCollectionView.swift */,
				7C10B83523B452D70094E375 /* PhotoAssetCollectionViewCell.swift */,
				7C7C838423B599D600165931 /* TemplateBuildView.swift */,
				7C7C838623B5AB2A00165931 /* TemplateBuildViewController.swift */,
				7C20130823B5D95400E8849D /* PhotoAssetActionPreview.swift */,
				7C20130A23B5E4B600E8849D /* PhotoAssetActionViewController.swift */,
			);
			path = PhotoAssetTool;
			sourceTree = "<group>";
		};
/* End PBXGroup section */

/* Begin PBXNativeTarget section */
		7C06CE2B239F898F009AE1CA /* WorkMarker-swift */ = {
			isa = PBXNativeTarget;
			buildConfigurationList = 7C06CE40239F8992009AE1CA /* Build configuration list for PBXNativeTarget "WorkMarker-swift" */;
			buildPhases = (
				7908F020E2E6666B2C7F911F /* [CP] Check Pods Manifest.lock */,
				7C06CE28239F898F009AE1CA /* Sources */,
				7C06CE29239F898F009AE1CA /* Frameworks */,
				7C06CE2A239F898F009AE1CA /* Resources */,
				0BDA34C21B520CA0C698F124 /* [CP] Embed Pods Frameworks */,
			);
			buildRules = (
			);
			dependencies = (
			);
			name = "WorkMarker-swift";
			productName = "WorkMarker-swift";
			productReference = 7C06CE2C239F898F009AE1CA /* WorkMarker-swift.app */;
			productType = "com.apple.product-type.application";
		};
/* End PBXNativeTarget section */

/* Begin PBXProject section */
		7C06CE24239F898F009AE1CA /* Project object */ = {
			isa = PBXProject;
			attributes = {
				LastSwiftUpdateCheck = 1120;
				LastUpgradeCheck = 1120;
				ORGANIZATIONNAME = dongjiawang;
				TargetAttributes = {
					7C06CE2B239F898F009AE1CA = {
						CreatedOnToolsVersion = 11.2.1;
					};
				};
			};
			buildConfigurationList = 7C06CE27239F898F009AE1CA /* Build configuration list for PBXProject "WorkMarker-swift" */;
			compatibilityVersion = "Xcode 9.3";
			developmentRegion = en;
			hasScannedForEncodings = 0;
			knownRegions = (
				en,
				Base,
			);
			mainGroup = 7C06CE23239F898F009AE1CA;
			productRefGroup = 7C06CE2D239F898F009AE1CA /* Products */;
			projectDirPath = "";
			projectRoot = "";
			targets = (
				7C06CE2B239F898F009AE1CA /* WorkMarker-swift */,
			);
		};
/* End PBXProject section */

/* Begin PBXResourcesBuildPhase section */
		7C06CE2A239F898F009AE1CA /* Resources */ = {
			isa = PBXResourcesBuildPhase;
			buildActionMask = 2147483647;
			files = (
				7C06CE3C239F8992009AE1CA /* LaunchScreen.storyboard in Resources */,
				7C06CE39239F8992009AE1CA /* Assets.xcassets in Resources */,
			);
			runOnlyForDeploymentPostprocessing = 0;
		};
/* End PBXResourcesBuildPhase section */

/* Begin PBXShellScriptBuildPhase section */
		0BDA34C21B520CA0C698F124 /* [CP] Embed Pods Frameworks */ = {
			isa = PBXShellScriptBuildPhase;
			buildActionMask = 2147483647;
			files = (
			);
			inputFileListPaths = (
				"${PODS_ROOT}/Target Support Files/Pods-WorkMarker-swift/Pods-WorkMarker-swift-frameworks-${CONFIGURATION}-input-files.xcfilelist",
			);
			name = "[CP] Embed Pods Frameworks";
			outputFileListPaths = (
				"${PODS_ROOT}/Target Support Files/Pods-WorkMarker-swift/Pods-WorkMarker-swift-frameworks-${CONFIGURATION}-output-files.xcfilelist",
			);
			runOnlyForDeploymentPostprocessing = 0;
			shellPath = /bin/sh;
			shellScript = "\"${PODS_ROOT}/Target Support Files/Pods-WorkMarker-swift/Pods-WorkMarker-swift-frameworks.sh\"\n";
			showEnvVarsInLog = 0;
		};
		7908F020E2E6666B2C7F911F /* [CP] Check Pods Manifest.lock */ = {
			isa = PBXShellScriptBuildPhase;
			buildActionMask = 2147483647;
			files = (
			);
			inputFileListPaths = (
			);
			inputPaths = (
				"${PODS_PODFILE_DIR_PATH}/Podfile.lock",
				"${PODS_ROOT}/Manifest.lock",
			);
			name = "[CP] Check Pods Manifest.lock";
			outputFileListPaths = (
			);
			outputPaths = (
				"$(DERIVED_FILE_DIR)/Pods-WorkMarker-swift-checkManifestLockResult.txt",
			);
			runOnlyForDeploymentPostprocessing = 0;
			shellPath = /bin/sh;
			shellScript = "diff \"${PODS_PODFILE_DIR_PATH}/Podfile.lock\" \"${PODS_ROOT}/Manifest.lock\" > /dev/null\nif [ $? != 0 ] ; then\n    # print error to STDERR\n    echo \"error: The sandbox is not in sync with the Podfile.lock. Run 'pod install' or update your CocoaPods installation.\" >&2\n    exit 1\nfi\n# This output is used by Xcode 'outputs' to avoid re-running this script phase.\necho \"SUCCESS\" > \"${SCRIPT_OUTPUT_FILE_0}\"\n";
			showEnvVarsInLog = 0;
		};
/* End PBXShellScriptBuildPhase section */

/* Begin PBXSourcesBuildPhase section */
		7C06CE28239F898F009AE1CA /* Sources */ = {
			isa = PBXSourcesBuildPhase;
			buildActionMask = 2147483647;
			files = (
				7C06CE6A23A211D2009AE1CA /* WebDownloadOperation.swift in Sources */,
				7CD97DE023A88B8B0082E3D5 /* LoginRequest.swift in Sources */,
				7CFB525423A9F82B00EDE2B0 /* PersonalCollectionViewCell.swift in Sources */,
				7CDBE13723B1F7980092BABC /* WMHUD.swift in Sources */,
				7CD97DE623A8A9170082E3D5 /* MainPopMenuViewController.swift in Sources */,
				7C06CE4F23A0C21E009AE1CA /* Constants.swift in Sources */,
				7C06CE6623A21183009AE1CA /* WebCacheManager.swift in Sources */,
				7CE0084323B32E3C00BFE57B /* PhotoAssetTool.swift in Sources */,
				7C5B3EE823A71B3000BE1ED1 /* BaseTableViewController.swift in Sources */,
				7C06CE6023A1D8E1009AE1CA /* UIColor+.swift in Sources */,
				7C06CE7323A35F3B009AE1CA /* NetWorkManager.swift in Sources */,
				7C1B74D023A7709900EACC48 /* Site.swift in Sources */,
				7C06CE5E23A1D4DA009AE1CA /* UIImage+.swift in Sources */,
				7C06CE5623A0E6E3009AE1CA /* HomePageViewController.swift in Sources */,
				7CFB525023A9C1A400EDE2B0 /* UIDevice+.swift in Sources */,
				7CDE16C623A8D755002FE021 /* BaseCollectionViewController.swift in Sources */,
				7C7C838723B5AB2A00165931 /* TemplateBuildViewController.swift in Sources */,
				7C06CE4923A09DD5009AE1CA /* BaseViewController.swift in Sources */,
				7C1B74C423A733E900EACC48 /* HomePageTableViewCell.swift in Sources */,
				7CFB525823A9FCFA00EDE2B0 /* PersonalResponse.swift in Sources */,
				7C06CE7A23A37A85009AE1CA /* BaseRequest.swift in Sources */,
				7CD97DDC23A872350082E3D5 /* LoginViewController.swift in Sources */,
				7C7C838523B599D600165931 /* TemplateBuildView.swift in Sources */,
				7C1B74D223A7730F00EACC48 /* Chapter.swift in Sources */,
				7CD97DD923A77BFA0082E3D5 /* HomePageCourseListResponse.swift in Sources */,
				7C06CE7123A32894009AE1CA /* AVPlayerManager.swift in Sources */,
				7C06CE5A23A0F0F9009AE1CA /* MainTabBarViewController.swift in Sources */,
				7CD97DD723A77B650082E3D5 /* BaseResponse.swift in Sources */,
				7C06CE7C23A3939B009AE1CA /* UploadRequest.swift in Sources */,
				7C1B74D423A773DC00EACC48 /* Course.swift in Sources */,
				7C1B74D623A77A8400EACC48 /* CourseList.swift in Sources */,
				7C06CE6823A21196009AE1CA /* WebDoanloader.swift in Sources */,
				7CFB525623A9FCD900EDE2B0 /* PersonalRequest.swift in Sources */,
				7C06CE7823A379FA009AE1CA /* BaseModel.swift in Sources */,
				7C20130B23B5E4B600E8849D /* PhotoAssetActionViewController.swift in Sources */,
				7C06CE6323A1DE38009AE1CA /* AVPlayerView.swift in Sources */,
				7C1B74CC23A7707D00EACC48 /* UserAvatar.swift in Sources */,
				7CFB525223A9C8E600EDE2B0 /* PersonalHeaderView.swift in Sources */,
				7C06CE30239F898F009AE1CA /* AppDelegate.swift in Sources */,
				7C06CE32239F898F009AE1CA /* SceneDelegate.swift in Sources */,
				7CDE16C823A8DC89002FE021 /* PersonalCollectionViewController.swift in Sources */,
				7C10B83423B44A1B0094E375 /* PhotoAssetActionCollectionView.swift in Sources */,
				7CE0084123B3106500BFE57B /* PhotoModel.swift in Sources */,
				7C06CE6F23A24497009AE1CA /* String+.swift in Sources */,
				7C1B74CE23A7708D00EACC48 /* UserGroup.swift in Sources */,
				7C06CE6C23A211EF009AE1CA /* WebCombineOperation.swift in Sources */,
				7CD97DDE23A872EC0082E3D5 /* LoginView.swift in Sources */,
				7C20130923B5D95400E8849D /* PhotoAssetActionPreview.swift in Sources */,
				7CDBE13923B20AA30092BABC /* SettingViewController.swift in Sources */,
				7C06CE8023A39C94009AE1CA /* HomePageRequest.swift in Sources */,
				7C10B83623B452D70094E375 /* PhotoAssetCollectionViewCell.swift in Sources */,
				7C1B74CA23A7705300EACC48 /* User.swift in Sources */,
				7CDE16C423A8C625002FE021 /* PersonalViewController.swift in Sources */,
				7CD97DE423A88DD70082E3D5 /* LoginResponse.swift in Sources */,
			);
			runOnlyForDeploymentPostprocessing = 0;
		};
/* End PBXSourcesBuildPhase section */

/* Begin PBXVariantGroup section */
		7C06CE3A239F8992009AE1CA /* LaunchScreen.storyboard */ = {
			isa = PBXVariantGroup;
			children = (
				7C06CE3B239F8992009AE1CA /* Base */,
			);
			name = LaunchScreen.storyboard;
			sourceTree = "<group>";
		};
/* End PBXVariantGroup section */

/* Begin XCBuildConfiguration section */
		7C06CE3E239F8992009AE1CA /* Debug */ = {
			isa = XCBuildConfiguration;
			buildSettings = {
				ALWAYS_SEARCH_USER_PATHS = NO;
				CLANG_ANALYZER_NONNULL = YES;
				CLANG_ANALYZER_NUMBER_OBJECT_CONVERSION = YES_AGGRESSIVE;
				CLANG_CXX_LANGUAGE_STANDARD = "gnu++14";
				CLANG_CXX_LIBRARY = "libc++";
				CLANG_ENABLE_MODULES = YES;
				CLANG_ENABLE_OBJC_ARC = YES;
				CLANG_ENABLE_OBJC_WEAK = YES;
				CLANG_WARN_BLOCK_CAPTURE_AUTORELEASING = YES;
				CLANG_WARN_BOOL_CONVERSION = YES;
				CLANG_WARN_COMMA = YES;
				CLANG_WARN_CONSTANT_CONVERSION = YES;
				CLANG_WARN_DEPRECATED_OBJC_IMPLEMENTATIONS = YES;
				CLANG_WARN_DIRECT_OBJC_ISA_USAGE = YES_ERROR;
				CLANG_WARN_DOCUMENTATION_COMMENTS = YES;
				CLANG_WARN_EMPTY_BODY = YES;
				CLANG_WARN_ENUM_CONVERSION = YES;
				CLANG_WARN_INFINITE_RECURSION = YES;
				CLANG_WARN_INT_CONVERSION = YES;
				CLANG_WARN_NON_LITERAL_NULL_CONVERSION = YES;
				CLANG_WARN_OBJC_IMPLICIT_RETAIN_SELF = YES;
				CLANG_WARN_OBJC_LITERAL_CONVERSION = YES;
				CLANG_WARN_OBJC_ROOT_CLASS = YES_ERROR;
				CLANG_WARN_RANGE_LOOP_ANALYSIS = YES;
				CLANG_WARN_STRICT_PROTOTYPES = YES;
				CLANG_WARN_SUSPICIOUS_MOVE = YES;
				CLANG_WARN_UNGUARDED_AVAILABILITY = YES_AGGRESSIVE;
				CLANG_WARN_UNREACHABLE_CODE = YES;
				CLANG_WARN__DUPLICATE_METHOD_MATCH = YES;
				COPY_PHASE_STRIP = NO;
				DEBUG_INFORMATION_FORMAT = dwarf;
				ENABLE_STRICT_OBJC_MSGSEND = YES;
				ENABLE_TESTABILITY = YES;
				GCC_C_LANGUAGE_STANDARD = gnu11;
				GCC_DYNAMIC_NO_PIC = NO;
				GCC_NO_COMMON_BLOCKS = YES;
				GCC_OPTIMIZATION_LEVEL = 0;
				GCC_PREPROCESSOR_DEFINITIONS = (
					"DEBUG=1",
					"$(inherited)",
				);
				GCC_WARN_64_TO_32_BIT_CONVERSION = YES;
				GCC_WARN_ABOUT_RETURN_TYPE = YES_ERROR;
				GCC_WARN_UNDECLARED_SELECTOR = YES;
				GCC_WARN_UNINITIALIZED_AUTOS = YES_AGGRESSIVE;
				GCC_WARN_UNUSED_FUNCTION = YES;
				GCC_WARN_UNUSED_VARIABLE = YES;
				IPHONEOS_DEPLOYMENT_TARGET = 13.2;
				MTL_ENABLE_DEBUG_INFO = INCLUDE_SOURCE;
				MTL_FAST_MATH = YES;
				ONLY_ACTIVE_ARCH = YES;
				SDKROOT = iphoneos;
				SWIFT_ACTIVE_COMPILATION_CONDITIONS = DEBUG;
				SWIFT_OPTIMIZATION_LEVEL = "-Onone";
			};
			name = Debug;
		};
		7C06CE3F239F8992009AE1CA /* Release */ = {
			isa = XCBuildConfiguration;
			buildSettings = {
				ALWAYS_SEARCH_USER_PATHS = NO;
				CLANG_ANALYZER_NONNULL = YES;
				CLANG_ANALYZER_NUMBER_OBJECT_CONVERSION = YES_AGGRESSIVE;
				CLANG_CXX_LANGUAGE_STANDARD = "gnu++14";
				CLANG_CXX_LIBRARY = "libc++";
				CLANG_ENABLE_MODULES = YES;
				CLANG_ENABLE_OBJC_ARC = YES;
				CLANG_ENABLE_OBJC_WEAK = YES;
				CLANG_WARN_BLOCK_CAPTURE_AUTORELEASING = YES;
				CLANG_WARN_BOOL_CONVERSION = YES;
				CLANG_WARN_COMMA = YES;
				CLANG_WARN_CONSTANT_CONVERSION = YES;
				CLANG_WARN_DEPRECATED_OBJC_IMPLEMENTATIONS = YES;
				CLANG_WARN_DIRECT_OBJC_ISA_USAGE = YES_ERROR;
				CLANG_WARN_DOCUMENTATION_COMMENTS = YES;
				CLANG_WARN_EMPTY_BODY = YES;
				CLANG_WARN_ENUM_CONVERSION = YES;
				CLANG_WARN_INFINITE_RECURSION = YES;
				CLANG_WARN_INT_CONVERSION = YES;
				CLANG_WARN_NON_LITERAL_NULL_CONVERSION = YES;
				CLANG_WARN_OBJC_IMPLICIT_RETAIN_SELF = YES;
				CLANG_WARN_OBJC_LITERAL_CONVERSION = YES;
				CLANG_WARN_OBJC_ROOT_CLASS = YES_ERROR;
				CLANG_WARN_RANGE_LOOP_ANALYSIS = YES;
				CLANG_WARN_STRICT_PROTOTYPES = YES;
				CLANG_WARN_SUSPICIOUS_MOVE = YES;
				CLANG_WARN_UNGUARDED_AVAILABILITY = YES_AGGRESSIVE;
				CLANG_WARN_UNREACHABLE_CODE = YES;
				CLANG_WARN__DUPLICATE_METHOD_MATCH = YES;
				COPY_PHASE_STRIP = NO;
				DEBUG_INFORMATION_FORMAT = "dwarf-with-dsym";
				ENABLE_NS_ASSERTIONS = NO;
				ENABLE_STRICT_OBJC_MSGSEND = YES;
				GCC_C_LANGUAGE_STANDARD = gnu11;
				GCC_NO_COMMON_BLOCKS = YES;
				GCC_WARN_64_TO_32_BIT_CONVERSION = YES;
				GCC_WARN_ABOUT_RETURN_TYPE = YES_ERROR;
				GCC_WARN_UNDECLARED_SELECTOR = YES;
				GCC_WARN_UNINITIALIZED_AUTOS = YES_AGGRESSIVE;
				GCC_WARN_UNUSED_FUNCTION = YES;
				GCC_WARN_UNUSED_VARIABLE = YES;
				IPHONEOS_DEPLOYMENT_TARGET = 13.2;
				MTL_ENABLE_DEBUG_INFO = NO;
				MTL_FAST_MATH = YES;
				SDKROOT = iphoneos;
				SWIFT_COMPILATION_MODE = wholemodule;
				SWIFT_OPTIMIZATION_LEVEL = "-O";
				VALIDATE_PRODUCT = YES;
			};
			name = Release;
		};
		7C06CE41239F8992009AE1CA /* Debug */ = {
			isa = XCBuildConfiguration;
			baseConfigurationReference = 57622829FF30A243E67AE0ED /* Pods-WorkMarker-swift.debug.xcconfig */;
			buildSettings = {
				ASSETCATALOG_COMPILER_APPICON_NAME = AppIcon;
				CODE_SIGN_STYLE = Manual;
				DEVELOPMENT_TEAM = "";
				INFOPLIST_FILE = "WorkMarker-swift/Info.plist";
				IPHONEOS_DEPLOYMENT_TARGET = 13.0;
				LD_RUNPATH_SEARCH_PATHS = (
					"$(inherited)",
					"@executable_path/Frameworks",
				);
				PRODUCT_BUNDLE_IDENTIFIER = "top.dongjiawang.github-WorkMarker.WorkMarker-swift";
				PRODUCT_NAME = "$(TARGET_NAME)";
				PROVISIONING_PROFILE_SPECIFIER = "";
				SWIFT_OBJC_BRIDGING_HEADER = "WorkMarker-swift/WorkMarker+bridging+header.h";
				SWIFT_VERSION = 5.0;
				TARGETED_DEVICE_FAMILY = "1,2";
			};
			name = Debug;
		};
		7C06CE42239F8992009AE1CA /* Release */ = {
			isa = XCBuildConfiguration;
			baseConfigurationReference = AE5FA1F550476696C4938678 /* Pods-WorkMarker-swift.release.xcconfig */;
			buildSettings = {
				ASSETCATALOG_COMPILER_APPICON_NAME = AppIcon;
				CODE_SIGN_STYLE = Manual;
				DEVELOPMENT_TEAM = "";
				INFOPLIST_FILE = "WorkMarker-swift/Info.plist";
				IPHONEOS_DEPLOYMENT_TARGET = 13.0;
				LD_RUNPATH_SEARCH_PATHS = (
					"$(inherited)",
					"@executable_path/Frameworks",
				);
				PRODUCT_BUNDLE_IDENTIFIER = "top.dongjiawang.github-WorkMarker.WorkMarker-swift";
				PRODUCT_NAME = "$(TARGET_NAME)";
				PROVISIONING_PROFILE_SPECIFIER = "";
				SWIFT_OBJC_BRIDGING_HEADER = "WorkMarker-swift/WorkMarker+bridging+header.h";
				SWIFT_VERSION = 5.0;
				TARGETED_DEVICE_FAMILY = "1,2";
			};
			name = Release;
		};
/* End XCBuildConfiguration section */

/* Begin XCConfigurationList section */
		7C06CE27239F898F009AE1CA /* Build configuration list for PBXProject "WorkMarker-swift" */ = {
			isa = XCConfigurationList;
			buildConfigurations = (
				7C06CE3E239F8992009AE1CA /* Debug */,
				7C06CE3F239F8992009AE1CA /* Release */,
			);
			defaultConfigurationIsVisible = 0;
			defaultConfigurationName = Release;
		};
		7C06CE40239F8992009AE1CA /* Build configuration list for PBXNativeTarget "WorkMarker-swift" */ = {
			isa = XCConfigurationList;
			buildConfigurations = (
				7C06CE41239F8992009AE1CA /* Debug */,
				7C06CE42239F8992009AE1CA /* Release */,
			);
			defaultConfigurationIsVisible = 0;
			defaultConfigurationName = Release;
		};
/* End XCConfigurationList section */
	};
	rootObject = 7C06CE24239F898F009AE1CA /* Project object */;
}
